// !$*UTF8*$!
{
	archiveVersion = 1;
	classes = {
	};
	objectVersion = 55;
	objects = {

/* Begin PBXBuildFile section */
		B33F15F62860750C0053A915 /* BuddyGoalsApp.swift in Sources */ = {isa = PBXBuildFile; fileRef = B33F15F52860750C0053A915 /* BuddyGoalsApp.swift */; };
		B33F15F82860750C0053A915 /* ChallengesView.swift in Sources */ = {isa = PBXBuildFile; fileRef = B33F15F72860750C0053A915 /* ChallengesView.swift */; };
		B33F15FA2860750D0053A915 /* Assets.xcassets in Resources */ = {isa = PBXBuildFile; fileRef = B33F15F92860750D0053A915 /* Assets.xcassets */; };
		B33F15FD2860750D0053A915 /* Preview Assets.xcassets in Resources */ = {isa = PBXBuildFile; fileRef = B33F15FC2860750D0053A915 /* Preview Assets.xcassets */; };
		B33F15FF2860750D0053A915 /* Persistence.swift in Sources */ = {isa = PBXBuildFile; fileRef = B33F15FE2860750D0053A915 /* Persistence.swift */; };
		B33F16022860750D0053A915 /* BuddyGoals.xcdatamodeld in Sources */ = {isa = PBXBuildFile; fileRef = B33F16002860750D0053A915 /* BuddyGoals.xcdatamodeld */; };
		B33F160C2860750D0053A915 /* BuddyGoalsTests.swift in Sources */ = {isa = PBXBuildFile; fileRef = B33F160B2860750D0053A915 /* BuddyGoalsTests.swift */; };
		B33F16162860750D0053A915 /* BuddyGoalsUITests.swift in Sources */ = {isa = PBXBuildFile; fileRef = B33F16152860750D0053A915 /* BuddyGoalsUITests.swift */; };
		B33F16182860750D0053A915 /* BuddyGoalsUITestsLaunchTests.swift in Sources */ = {isa = PBXBuildFile; fileRef = B33F16172860750D0053A915 /* BuddyGoalsUITestsLaunchTests.swift */; };
		B88665332860C630000FAA20 /* ProgressView.swift in Sources */ = {isa = PBXBuildFile; fileRef = B88665322860C630000FAA20 /* ProgressView.swift */; };
		B88665352860C8D2000FAA20 /* MainView.swift in Sources */ = {isa = PBXBuildFile; fileRef = B88665342860C8D2000FAA20 /* MainView.swift */; };
		B88665372860CA8F000FAA20 /* TravenView.swift in Sources */ = {isa = PBXBuildFile; fileRef = B88665362860CA8F000FAA20 /* TravenView.swift */; };
		F7442D292861B5FE00F2A4DA /* MilestoneView.swift in Sources */ = {isa = PBXBuildFile; fileRef = F7442D282861B5FE00F2A4DA /* MilestoneView.swift */; };
		F799B49B2865B11F0019370F /* StringExtension.swift in Sources */ = {isa = PBXBuildFile; fileRef = F799B49A2865B11F0019370F /* StringExtension.swift */; };
		F799B49F2865B1BC0019370F /* Actionable.swift in Sources */ = {isa = PBXBuildFile; fileRef = F799B49E2865B1BC0019370F /* Actionable.swift */; };
		F799B4A12865B1F20019370F /* Plan.swift in Sources */ = {isa = PBXBuildFile; fileRef = F799B4A02865B1F20019370F /* Plan.swift */; };
		F799B4A32865B2170019370F /* Goal.swift in Sources */ = {isa = PBXBuildFile; fileRef = F799B4A22865B2170019370F /* Goal.swift */; };
		F799B4A52865B2440019370F /* User.swift in Sources */ = {isa = PBXBuildFile; fileRef = F799B4A42865B2440019370F /* User.swift */; };
		F799B4A72865B2900019370F /* RepeatAction.swift in Sources */ = {isa = PBXBuildFile; fileRef = F799B4A62865B2900019370F /* RepeatAction.swift */; };
		F799B4A92865B2C20019370F /* Rank.swift in Sources */ = {isa = PBXBuildFile; fileRef = F799B4A82865B2C20019370F /* Rank.swift */; };
		F799B4AB2866BC5E0019370F /* Dailies.swift in Sources */ = {isa = PBXBuildFile; fileRef = F799B4AA2866BC5E0019370F /* Dailies.swift */; };
/* End PBXBuildFile section */

/* Begin PBXContainerItemProxy section */
		B379DEB22865A96800D1FC7F /* PBXContainerItemProxy */ = {
			isa = PBXContainerItemProxy;
			containerPortal = B379DE942865A96800D1FC7F /* Project object */;
			proxyType = 1;
			remoteGlobalIDString = B379DE9B2865A96800D1FC7F;
			remoteInfo = BuddyGoals;
		};
		B379DEBC2865A96800D1FC7F /* PBXContainerItemProxy */ = {
			isa = PBXContainerItemProxy;
			containerPortal = B379DE942865A96800D1FC7F /* Project object */;
			proxyType = 1;
			remoteGlobalIDString = B379DE9B2865A96800D1FC7F;
			remoteInfo = BuddyGoals;
		};
/* End PBXContainerItemProxy section */

/* Begin PBXFileReference section */
		B33F15F22860750C0053A915 /* BuddyGoals.app */ = {isa = PBXFileReference; explicitFileType = wrapper.application; includeInIndex = 0; path = BuddyGoals.app; sourceTree = BUILT_PRODUCTS_DIR; };
		B33F15F52860750C0053A915 /* BuddyGoalsApp.swift */ = {isa = PBXFileReference; lastKnownFileType = sourcecode.swift; path = BuddyGoalsApp.swift; sourceTree = "<group>"; };
		B33F15F72860750C0053A915 /* ChallengesView.swift */ = {isa = PBXFileReference; lastKnownFileType = sourcecode.swift; path = ChallengesView.swift; sourceTree = "<group>"; };
		B33F15F92860750D0053A915 /* Assets.xcassets */ = {isa = PBXFileReference; lastKnownFileType = folder.assetcatalog; path = Assets.xcassets; sourceTree = "<group>"; };
		B33F15FC2860750D0053A915 /* Preview Assets.xcassets */ = {isa = PBXFileReference; lastKnownFileType = folder.assetcatalog; path = "Preview Assets.xcassets"; sourceTree = "<group>"; };
		B33F15FE2860750D0053A915 /* Persistence.swift */ = {isa = PBXFileReference; lastKnownFileType = sourcecode.swift; path = Persistence.swift; sourceTree = "<group>"; };
		B33F16012860750D0053A915 /* BuddyGoals.xcdatamodel */ = {isa = PBXFileReference; lastKnownFileType = wrapper.xcdatamodel; path = BuddyGoals.xcdatamodel; sourceTree = "<group>"; };
		B33F16072860750D0053A915 /* BuddyGoalsTests.xctest */ = {isa = PBXFileReference; explicitFileType = wrapper.cfbundle; includeInIndex = 0; path = BuddyGoalsTests.xctest; sourceTree = BUILT_PRODUCTS_DIR; };
		B33F160B2860750D0053A915 /* BuddyGoalsTests.swift */ = {isa = PBXFileReference; lastKnownFileType = sourcecode.swift; path = BuddyGoalsTests.swift; sourceTree = "<group>"; };
		B33F16112860750D0053A915 /* BuddyGoalsUITests.xctest */ = {isa = PBXFileReference; explicitFileType = wrapper.cfbundle; includeInIndex = 0; path = BuddyGoalsUITests.xctest; sourceTree = BUILT_PRODUCTS_DIR; };
		B33F16152860750D0053A915 /* BuddyGoalsUITests.swift */ = {isa = PBXFileReference; lastKnownFileType = sourcecode.swift; path = BuddyGoalsUITests.swift; sourceTree = "<group>"; };
		B33F16172860750D0053A915 /* BuddyGoalsUITestsLaunchTests.swift */ = {isa = PBXFileReference; lastKnownFileType = sourcecode.swift; path = BuddyGoalsUITestsLaunchTests.swift; sourceTree = "<group>"; };
		B88665322860C630000FAA20 /* ProgressView.swift */ = {isa = PBXFileReference; lastKnownFileType = sourcecode.swift; path = ProgressView.swift; sourceTree = "<group>"; };
		B88665342860C8D2000FAA20 /* MainView.swift */ = {isa = PBXFileReference; lastKnownFileType = sourcecode.swift; path = MainView.swift; sourceTree = "<group>"; };
		B88665362860CA8F000FAA20 /* TravenView.swift */ = {isa = PBXFileReference; lastKnownFileType = sourcecode.swift; path = TravenView.swift; sourceTree = "<group>"; };
		F7442D282861B5FE00F2A4DA /* MilestoneView.swift */ = {isa = PBXFileReference; lastKnownFileType = sourcecode.swift; path = MilestoneView.swift; sourceTree = "<group>"; };
		F799B49A2865B11F0019370F /* StringExtension.swift */ = {isa = PBXFileReference; lastKnownFileType = sourcecode.swift; path = StringExtension.swift; sourceTree = "<group>"; };
		F799B49E2865B1BC0019370F /* Actionable.swift */ = {isa = PBXFileReference; lastKnownFileType = sourcecode.swift; path = Actionable.swift; sourceTree = "<group>"; };
		F799B4A02865B1F20019370F /* Plan.swift */ = {isa = PBXFileReference; lastKnownFileType = sourcecode.swift; path = Plan.swift; sourceTree = "<group>"; };
		F799B4A22865B2170019370F /* Goal.swift */ = {isa = PBXFileReference; lastKnownFileType = sourcecode.swift; path = Goal.swift; sourceTree = "<group>"; };
		F799B4A42865B2440019370F /* User.swift */ = {isa = PBXFileReference; lastKnownFileType = sourcecode.swift; path = User.swift; sourceTree = "<group>"; };
		F799B4A62865B2900019370F /* RepeatAction.swift */ = {isa = PBXFileReference; lastKnownFileType = sourcecode.swift; path = RepeatAction.swift; sourceTree = "<group>"; };
		F799B4A82865B2C20019370F /* Rank.swift */ = {isa = PBXFileReference; lastKnownFileType = sourcecode.swift; path = Rank.swift; sourceTree = "<group>"; };
		F799B4AA2866BC5E0019370F /* Dailies.swift */ = {isa = PBXFileReference; lastKnownFileType = sourcecode.swift; path = Dailies.swift; sourceTree = "<group>"; };
/* End PBXFileReference section */

/* Begin PBXFrameworksBuildPhase section */
		B379DE992865A96800D1FC7F /* Frameworks */ = {
			isa = PBXFrameworksBuildPhase;
			buildActionMask = 2147483647;
			files = (
			);
			runOnlyForDeploymentPostprocessing = 0;
		};
		B379DEAE2865A96800D1FC7F /* Frameworks */ = {
			isa = PBXFrameworksBuildPhase;
			buildActionMask = 2147483647;
			files = (
			);
			runOnlyForDeploymentPostprocessing = 0;
		};
		B379DEB82865A96800D1FC7F /* Frameworks */ = {
			isa = PBXFrameworksBuildPhase;
			buildActionMask = 2147483647;
			files = (
			);
			runOnlyForDeploymentPostprocessing = 0;
		};
/* End PBXFrameworksBuildPhase section */

/* Begin PBXGroup section */
		B379DE932865A96800D1FC7F = {
			isa = PBXGroup;
			children = (
				B379DE9E2865A96800D1FC7F /* BuddyGoals */,
				B379DEB42865A96800D1FC7F /* BuddyGoalsTests */,
				B379DEBE2865A96800D1FC7F /* BuddyGoalsUITests */,
				B379DE9D2865A96800D1FC7F /* Products */,
			);
			sourceTree = "<group>";
		};
		B379DE9D2865A96800D1FC7F /* Products */ = {
			isa = PBXGroup;
			children = (
				B379DE9C2865A96800D1FC7F /* BuddyGoals.app */,
				B379DEB12865A96800D1FC7F /* BuddyGoalsTests.xctest */,
				B379DEBB2865A96800D1FC7F /* BuddyGoalsUITests.xctest */,
			);
			name = Products;
			sourceTree = "<group>";
		};
		B379DE9E2865A96800D1FC7F /* BuddyGoals */ = {
			isa = PBXGroup;
			children = (
				F799B4992865B0FE0019370F /* Objects */,
				B886653A2860CB5B000FAA20 /* ViewModel */,
				B88665392860CB52000FAA20 /* View */,
				B88665382860CB4A000FAA20 /* Model */,
				B33F15F52860750C0053A915 /* BuddyGoalsApp.swift */,
				B33F15F92860750D0053A915 /* Assets.xcassets */,
				B33F15FB2860750D0053A915 /* Preview Content */,
			);
			path = BuddyGoals;
			sourceTree = "<group>";
		};
		B379DEA52865A96800D1FC7F /* Preview Content */ = {
			isa = PBXGroup;
			children = (
				B379DEA62865A96800D1FC7F /* Preview Assets.xcassets */,
			);
			path = "Preview Content";
			sourceTree = "<group>";
		};
		B379DEB42865A96800D1FC7F /* BuddyGoalsTests */ = {
			isa = PBXGroup;
			children = (
				B379DEB52865A96800D1FC7F /* BuddyGoalsTests.swift */,
			);
			path = BuddyGoalsTests;
			sourceTree = "<group>";
		};
		B379DEBE2865A96800D1FC7F /* BuddyGoalsUITests */ = {
			isa = PBXGroup;
			children = (
				B379DEBF2865A96800D1FC7F /* BuddyGoalsUITests.swift */,
				B379DEC12865A96800D1FC7F /* BuddyGoalsUITestsLaunchTests.swift */,
			);
			path = BuddyGoalsUITests;
			sourceTree = "<group>";
		};
		B379DECE2865A97A00D1FC7F /* View */ = {
			isa = PBXGroup;
			children = (
				B33F16002860750D0053A915 /* BuddyGoals.xcdatamodeld */,
			);
			path = Model;
			sourceTree = "<group>";
		};
		B88665392860CB52000FAA20 /* View */ = {
			isa = PBXGroup;
			children = (
				B33F15F72860750C0053A915 /* ChallengesView.swift */,
				B88665342860C8D2000FAA20 /* MainView.swift */,
				B88665362860CA8F000FAA20 /* TravenView.swift */,
				B88665322860C630000FAA20 /* ProgressView.swift */,
				F7442D282861B5FE00F2A4DA /* MilestoneView.swift */,
			);
			path = View;
			sourceTree = "<group>";
		};
		B379DECF2865A98100D1FC7F /* ViewModel */ = {
			isa = PBXGroup;
			children = (
			);
			path = ViewModel;
			sourceTree = "<group>";
		};
		F799B4992865B0FE0019370F /* Objects */ = {
			isa = PBXGroup;
			children = (
				F799B49A2865B11F0019370F /* StringExtension.swift */,
				F799B49E2865B1BC0019370F /* Actionable.swift */,
				F799B4A02865B1F20019370F /* Plan.swift */,
				F799B4A22865B2170019370F /* Goal.swift */,
				F799B4A42865B2440019370F /* User.swift */,
				F799B4A62865B2900019370F /* RepeatAction.swift */,
				F799B4A82865B2C20019370F /* Rank.swift */,
				F799B4AA2866BC5E0019370F /* Dailies.swift */,
			);
			path = Objects;
			sourceTree = "<group>";
		};
/* End PBXGroup section */

/* Begin PBXNativeTarget section */
		B379DE9B2865A96800D1FC7F /* BuddyGoals */ = {
			isa = PBXNativeTarget;
			buildConfigurationList = B379DEC52865A96800D1FC7F /* Build configuration list for PBXNativeTarget "BuddyGoals" */;
			buildPhases = (
				B379DE982865A96800D1FC7F /* Sources */,
				B379DE992865A96800D1FC7F /* Frameworks */,
				B379DE9A2865A96800D1FC7F /* Resources */,
			);
			buildRules = (
			);
			dependencies = (
			);
			name = BuddyGoals;
			productName = BuddyGoals;
			productReference = B379DE9C2865A96800D1FC7F /* BuddyGoals.app */;
			productType = "com.apple.product-type.application";
		};
		B379DEB02865A96800D1FC7F /* BuddyGoalsTests */ = {
			isa = PBXNativeTarget;
			buildConfigurationList = B379DEC82865A96800D1FC7F /* Build configuration list for PBXNativeTarget "BuddyGoalsTests" */;
			buildPhases = (
				B379DEAD2865A96800D1FC7F /* Sources */,
				B379DEAE2865A96800D1FC7F /* Frameworks */,
				B379DEAF2865A96800D1FC7F /* Resources */,
			);
			buildRules = (
			);
			dependencies = (
				B379DEB32865A96800D1FC7F /* PBXTargetDependency */,
			);
			name = BuddyGoalsTests;
			productName = BuddyGoalsTests;
			productReference = B379DEB12865A96800D1FC7F /* BuddyGoalsTests.xctest */;
			productType = "com.apple.product-type.bundle.unit-test";
		};
		B379DEBA2865A96800D1FC7F /* BuddyGoalsUITests */ = {
			isa = PBXNativeTarget;
			buildConfigurationList = B379DECB2865A96800D1FC7F /* Build configuration list for PBXNativeTarget "BuddyGoalsUITests" */;
			buildPhases = (
				B379DEB72865A96800D1FC7F /* Sources */,
				B379DEB82865A96800D1FC7F /* Frameworks */,
				B379DEB92865A96800D1FC7F /* Resources */,
			);
			buildRules = (
			);
			dependencies = (
				B379DEBD2865A96800D1FC7F /* PBXTargetDependency */,
			);
			name = BuddyGoalsUITests;
			productName = BuddyGoalsUITests;
			productReference = B379DEBB2865A96800D1FC7F /* BuddyGoalsUITests.xctest */;
			productType = "com.apple.product-type.bundle.ui-testing";
		};
/* End PBXNativeTarget section */

/* Begin PBXProject section */
		B379DE942865A96800D1FC7F /* Project object */ = {
			isa = PBXProject;
			attributes = {
				BuildIndependentTargetsInParallel = 1;
				LastSwiftUpdateCheck = 1320;
				LastUpgradeCheck = 1320;
				TargetAttributes = {
					B379DE9B2865A96800D1FC7F = {
						CreatedOnToolsVersion = 13.2.1;
					};
					B379DEB02865A96800D1FC7F = {
						CreatedOnToolsVersion = 13.2.1;
						TestTargetID = B379DE9B2865A96800D1FC7F;
					};
					B379DEBA2865A96800D1FC7F = {
						CreatedOnToolsVersion = 13.2.1;
						TestTargetID = B379DE9B2865A96800D1FC7F;
					};
				};
			};
			buildConfigurationList = B379DE972865A96800D1FC7F /* Build configuration list for PBXProject "BuddyGoals" */;
			compatibilityVersion = "Xcode 13.0";
			developmentRegion = en;
			hasScannedForEncodings = 0;
			knownRegions = (
				en,
				Base,
			);
			mainGroup = B379DE932865A96800D1FC7F;
			productRefGroup = B379DE9D2865A96800D1FC7F /* Products */;
			projectDirPath = "";
			projectRoot = "";
			targets = (
				B379DE9B2865A96800D1FC7F /* BuddyGoals */,
				B379DEB02865A96800D1FC7F /* BuddyGoalsTests */,
				B379DEBA2865A96800D1FC7F /* BuddyGoalsUITests */,
			);
		};
/* End PBXProject section */

/* Begin PBXResourcesBuildPhase section */
		B379DE9A2865A96800D1FC7F /* Resources */ = {
			isa = PBXResourcesBuildPhase;
			buildActionMask = 2147483647;
			files = (
				B379DEA72865A96800D1FC7F /* Preview Assets.xcassets in Resources */,
				B379DEA42865A96800D1FC7F /* Assets.xcassets in Resources */,
			);
			runOnlyForDeploymentPostprocessing = 0;
		};
		B379DEAF2865A96800D1FC7F /* Resources */ = {
			isa = PBXResourcesBuildPhase;
			buildActionMask = 2147483647;
			files = (
			);
			runOnlyForDeploymentPostprocessing = 0;
		};
		B379DEB92865A96800D1FC7F /* Resources */ = {
			isa = PBXResourcesBuildPhase;
			buildActionMask = 2147483647;
			files = (
			);
			runOnlyForDeploymentPostprocessing = 0;
		};
/* End PBXResourcesBuildPhase section */

/* Begin PBXSourcesBuildPhase section */
		B379DE982865A96800D1FC7F /* Sources */ = {
			isa = PBXSourcesBuildPhase;
			buildActionMask = 2147483647;
			files = (
				F799B4A52865B2440019370F /* User.swift in Sources */,
				B88665372860CA8F000FAA20 /* TravenView.swift in Sources */,
				F7442D292861B5FE00F2A4DA /* MilestoneView.swift in Sources */,
				F799B4AB2866BC5E0019370F /* Dailies.swift in Sources */,
				F799B4A92865B2C20019370F /* Rank.swift in Sources */,
				B33F15FF2860750D0053A915 /* Persistence.swift in Sources */,
				F799B4A72865B2900019370F /* RepeatAction.swift in Sources */,
				B88665352860C8D2000FAA20 /* MainView.swift in Sources */,
				F799B4A32865B2170019370F /* Goal.swift in Sources */,
				F799B4A12865B1F20019370F /* Plan.swift in Sources */,
				B33F16022860750D0053A915 /* BuddyGoals.xcdatamodeld in Sources */,
				F799B49B2865B11F0019370F /* StringExtension.swift in Sources */,
				B88665332860C630000FAA20 /* ProgressView.swift in Sources */,
				B33F15F82860750C0053A915 /* ChallengesView.swift in Sources */,
				B33F15F62860750C0053A915 /* BuddyGoalsApp.swift in Sources */,
				F799B49F2865B1BC0019370F /* Actionable.swift in Sources */,
			);
			runOnlyForDeploymentPostprocessing = 0;
		};
		B379DEAD2865A96800D1FC7F /* Sources */ = {
			isa = PBXSourcesBuildPhase;
			buildActionMask = 2147483647;
			files = (
				B379DEB62865A96800D1FC7F /* BuddyGoalsTests.swift in Sources */,
			);
			runOnlyForDeploymentPostprocessing = 0;
		};
		B379DEB72865A96800D1FC7F /* Sources */ = {
			isa = PBXSourcesBuildPhase;
			buildActionMask = 2147483647;
			files = (
				B379DEC22865A96800D1FC7F /* BuddyGoalsUITestsLaunchTests.swift in Sources */,
				B379DEC02865A96800D1FC7F /* BuddyGoalsUITests.swift in Sources */,
			);
			runOnlyForDeploymentPostprocessing = 0;
		};
/* End PBXSourcesBuildPhase section */

/* Begin PBXTargetDependency section */
		B379DEB32865A96800D1FC7F /* PBXTargetDependency */ = {
			isa = PBXTargetDependency;
			target = B379DE9B2865A96800D1FC7F /* BuddyGoals */;
			targetProxy = B379DEB22865A96800D1FC7F /* PBXContainerItemProxy */;
		};
		B379DEBD2865A96800D1FC7F /* PBXTargetDependency */ = {
			isa = PBXTargetDependency;
			target = B379DE9B2865A96800D1FC7F /* BuddyGoals */;
			targetProxy = B379DEBC2865A96800D1FC7F /* PBXContainerItemProxy */;
		};
/* End PBXTargetDependency section */

/* Begin XCBuildConfiguration section */
		B379DEC32865A96800D1FC7F /* Debug */ = {
			isa = XCBuildConfiguration;
			buildSettings = {
				ALWAYS_SEARCH_USER_PATHS = NO;
				CLANG_ANALYZER_NONNULL = YES;
				CLANG_ANALYZER_NUMBER_OBJECT_CONVERSION = YES_AGGRESSIVE;
				CLANG_CXX_LANGUAGE_STANDARD = "gnu++17";
				CLANG_CXX_LIBRARY = "libc++";
				CLANG_ENABLE_MODULES = YES;
				CLANG_ENABLE_OBJC_ARC = YES;
				CLANG_ENABLE_OBJC_WEAK = YES;
				CLANG_WARN_BLOCK_CAPTURE_AUTORELEASING = YES;
				CLANG_WARN_BOOL_CONVERSION = YES;
				CLANG_WARN_COMMA = YES;
				CLANG_WARN_CONSTANT_CONVERSION = YES;
				CLANG_WARN_DEPRECATED_OBJC_IMPLEMENTATIONS = YES;
				CLANG_WARN_DIRECT_OBJC_ISA_USAGE = YES_ERROR;
				CLANG_WARN_DOCUMENTATION_COMMENTS = YES;
				CLANG_WARN_EMPTY_BODY = YES;
				CLANG_WARN_ENUM_CONVERSION = YES;
				CLANG_WARN_INFINITE_RECURSION = YES;
				CLANG_WARN_INT_CONVERSION = YES;
				CLANG_WARN_NON_LITERAL_NULL_CONVERSION = YES;
				CLANG_WARN_OBJC_IMPLICIT_RETAIN_SELF = YES;
				CLANG_WARN_OBJC_LITERAL_CONVERSION = YES;
				CLANG_WARN_OBJC_ROOT_CLASS = YES_ERROR;
				CLANG_WARN_QUOTED_INCLUDE_IN_FRAMEWORK_HEADER = YES;
				CLANG_WARN_RANGE_LOOP_ANALYSIS = YES;
				CLANG_WARN_STRICT_PROTOTYPES = YES;
				CLANG_WARN_SUSPICIOUS_MOVE = YES;
				CLANG_WARN_UNGUARDED_AVAILABILITY = YES_AGGRESSIVE;
				CLANG_WARN_UNREACHABLE_CODE = YES;
				CLANG_WARN__DUPLICATE_METHOD_MATCH = YES;
				COPY_PHASE_STRIP = NO;
				DEBUG_INFORMATION_FORMAT = dwarf;
				ENABLE_STRICT_OBJC_MSGSEND = YES;
				ENABLE_TESTABILITY = YES;
				GCC_C_LANGUAGE_STANDARD = gnu11;
				GCC_DYNAMIC_NO_PIC = NO;
				GCC_NO_COMMON_BLOCKS = YES;
				GCC_OPTIMIZATION_LEVEL = 0;
				GCC_PREPROCESSOR_DEFINITIONS = (
					"DEBUG=1",
					"$(inherited)",
				);
				GCC_WARN_64_TO_32_BIT_CONVERSION = YES;
				GCC_WARN_ABOUT_RETURN_TYPE = YES_ERROR;
				GCC_WARN_UNDECLARED_SELECTOR = YES;
				GCC_WARN_UNINITIALIZED_AUTOS = YES_AGGRESSIVE;
				GCC_WARN_UNUSED_FUNCTION = YES;
				GCC_WARN_UNUSED_VARIABLE = YES;
				IPHONEOS_DEPLOYMENT_TARGET = 15.2;
				MTL_ENABLE_DEBUG_INFO = INCLUDE_SOURCE;
				MTL_FAST_MATH = YES;
				ONLY_ACTIVE_ARCH = YES;
				SDKROOT = iphoneos;
				SWIFT_ACTIVE_COMPILATION_CONDITIONS = DEBUG;
				SWIFT_OPTIMIZATION_LEVEL = "-Onone";
			};
			name = Debug;
		};
		B379DEC42865A96800D1FC7F /* Release */ = {
			isa = XCBuildConfiguration;
			buildSettings = {
				ALWAYS_SEARCH_USER_PATHS = NO;
				CLANG_ANALYZER_NONNULL = YES;
				CLANG_ANALYZER_NUMBER_OBJECT_CONVERSION = YES_AGGRESSIVE;
				CLANG_CXX_LANGUAGE_STANDARD = "gnu++17";
				CLANG_CXX_LIBRARY = "libc++";
				CLANG_ENABLE_MODULES = YES;
				CLANG_ENABLE_OBJC_ARC = YES;
				CLANG_ENABLE_OBJC_WEAK = YES;
				CLANG_WARN_BLOCK_CAPTURE_AUTORELEASING = YES;
				CLANG_WARN_BOOL_CONVERSION = YES;
				CLANG_WARN_COMMA = YES;
				CLANG_WARN_CONSTANT_CONVERSION = YES;
				CLANG_WARN_DEPRECATED_OBJC_IMPLEMENTATIONS = YES;
				CLANG_WARN_DIRECT_OBJC_ISA_USAGE = YES_ERROR;
				CLANG_WARN_DOCUMENTATION_COMMENTS = YES;
				CLANG_WARN_EMPTY_BODY = YES;
				CLANG_WARN_ENUM_CONVERSION = YES;
				CLANG_WARN_INFINITE_RECURSION = YES;
				CLANG_WARN_INT_CONVERSION = YES;
				CLANG_WARN_NON_LITERAL_NULL_CONVERSION = YES;
				CLANG_WARN_OBJC_IMPLICIT_RETAIN_SELF = YES;
				CLANG_WARN_OBJC_LITERAL_CONVERSION = YES;
				CLANG_WARN_OBJC_ROOT_CLASS = YES_ERROR;
				CLANG_WARN_QUOTED_INCLUDE_IN_FRAMEWORK_HEADER = YES;
				CLANG_WARN_RANGE_LOOP_ANALYSIS = YES;
				CLANG_WARN_STRICT_PROTOTYPES = YES;
				CLANG_WARN_SUSPICIOUS_MOVE = YES;
				CLANG_WARN_UNGUARDED_AVAILABILITY = YES_AGGRESSIVE;
				CLANG_WARN_UNREACHABLE_CODE = YES;
				CLANG_WARN__DUPLICATE_METHOD_MATCH = YES;
				COPY_PHASE_STRIP = NO;
				DEBUG_INFORMATION_FORMAT = "dwarf-with-dsym";
				ENABLE_NS_ASSERTIONS = NO;
				ENABLE_STRICT_OBJC_MSGSEND = YES;
				GCC_C_LANGUAGE_STANDARD = gnu11;
				GCC_NO_COMMON_BLOCKS = YES;
				GCC_WARN_64_TO_32_BIT_CONVERSION = YES;
				GCC_WARN_ABOUT_RETURN_TYPE = YES_ERROR;
				GCC_WARN_UNDECLARED_SELECTOR = YES;
				GCC_WARN_UNINITIALIZED_AUTOS = YES_AGGRESSIVE;
				GCC_WARN_UNUSED_FUNCTION = YES;
				GCC_WARN_UNUSED_VARIABLE = YES;
				IPHONEOS_DEPLOYMENT_TARGET = 15.2;
				MTL_ENABLE_DEBUG_INFO = NO;
				MTL_FAST_MATH = YES;
				SDKROOT = iphoneos;
				SWIFT_COMPILATION_MODE = wholemodule;
				SWIFT_OPTIMIZATION_LEVEL = "-O";
				VALIDATE_PRODUCT = YES;
			};
			name = Release;
		};
		B379DEC62865A96800D1FC7F /* Debug */ = {
			isa = XCBuildConfiguration;
			buildSettings = {
				ASSETCATALOG_COMPILER_APPICON_NAME = AppIcon;
				ASSETCATALOG_COMPILER_GLOBAL_ACCENT_COLOR_NAME = AccentColor;
				CODE_SIGN_STYLE = Automatic;
				CURRENT_PROJECT_VERSION = 1;
				DEVELOPMENT_ASSET_PATHS = "\"BuddyGoals/Preview Content\"";
				ENABLE_PREVIEWS = YES;
				GENERATE_INFOPLIST_FILE = YES;
				INFOPLIST_KEY_UIApplicationSceneManifest_Generation = YES;
				INFOPLIST_KEY_UIApplicationSupportsIndirectInputEvents = YES;
				INFOPLIST_KEY_UILaunchScreen_Generation = YES;
				INFOPLIST_KEY_UISupportedInterfaceOrientations_iPad = "UIInterfaceOrientationPortrait UIInterfaceOrientationPortraitUpsideDown UIInterfaceOrientationLandscapeLeft UIInterfaceOrientationLandscapeRight";
				INFOPLIST_KEY_UISupportedInterfaceOrientations_iPhone = "UIInterfaceOrientationPortrait UIInterfaceOrientationLandscapeLeft UIInterfaceOrientationLandscapeRight";
				LD_RUNPATH_SEARCH_PATHS = (
					"$(inherited)",
					"@executable_path/Frameworks",
				);
				MARKETING_VERSION = 1.0;
				PRODUCT_BUNDLE_IDENTIFIER = com.MC2.BuddyGoals;
				PRODUCT_NAME = "$(TARGET_NAME)";
				SWIFT_EMIT_LOC_STRINGS = YES;
				SWIFT_VERSION = 5.0;
				TARGETED_DEVICE_FAMILY = "1,2";
			};
			name = Debug;
		};
		B379DEC72865A96800D1FC7F /* Release */ = {
			isa = XCBuildConfiguration;
			buildSettings = {
				ASSETCATALOG_COMPILER_APPICON_NAME = AppIcon;
				ASSETCATALOG_COMPILER_GLOBAL_ACCENT_COLOR_NAME = AccentColor;
				CODE_SIGN_STYLE = Automatic;
				CURRENT_PROJECT_VERSION = 1;
				DEVELOPMENT_ASSET_PATHS = "\"BuddyGoals/Preview Content\"";
				ENABLE_PREVIEWS = YES;
				GENERATE_INFOPLIST_FILE = YES;
				INFOPLIST_KEY_UIApplicationSceneManifest_Generation = YES;
				INFOPLIST_KEY_UIApplicationSupportsIndirectInputEvents = YES;
				INFOPLIST_KEY_UILaunchScreen_Generation = YES;
				INFOPLIST_KEY_UISupportedInterfaceOrientations_iPad = "UIInterfaceOrientationPortrait UIInterfaceOrientationPortraitUpsideDown UIInterfaceOrientationLandscapeLeft UIInterfaceOrientationLandscapeRight";
				INFOPLIST_KEY_UISupportedInterfaceOrientations_iPhone = "UIInterfaceOrientationPortrait UIInterfaceOrientationLandscapeLeft UIInterfaceOrientationLandscapeRight";
				LD_RUNPATH_SEARCH_PATHS = (
					"$(inherited)",
					"@executable_path/Frameworks",
				);
				MARKETING_VERSION = 1.0;
				PRODUCT_BUNDLE_IDENTIFIER = com.MC2.BuddyGoals;
				PRODUCT_NAME = "$(TARGET_NAME)";
				SWIFT_EMIT_LOC_STRINGS = YES;
				SWIFT_VERSION = 5.0;
				TARGETED_DEVICE_FAMILY = "1,2";
			};
			name = Release;
		};
		B379DEC92865A96800D1FC7F /* Debug */ = {
			isa = XCBuildConfiguration;
			buildSettings = {
				ALWAYS_EMBED_SWIFT_STANDARD_LIBRARIES = YES;
				BUNDLE_LOADER = "$(TEST_HOST)";
				CODE_SIGN_STYLE = Automatic;
				CURRENT_PROJECT_VERSION = 1;
				GENERATE_INFOPLIST_FILE = YES;
				IPHONEOS_DEPLOYMENT_TARGET = 15.2;
				MARKETING_VERSION = 1.0;
				PRODUCT_BUNDLE_IDENTIFIER = com.MC2.BuddyGoalsTests;
				PRODUCT_NAME = "$(TARGET_NAME)";
				SWIFT_EMIT_LOC_STRINGS = NO;
				SWIFT_VERSION = 5.0;
				TARGETED_DEVICE_FAMILY = "1,2";
				TEST_HOST = "$(BUILT_PRODUCTS_DIR)/BuddyGoals.app/BuddyGoals";
			};
			name = Debug;
		};
		B379DECA2865A96800D1FC7F /* Release */ = {
			isa = XCBuildConfiguration;
			buildSettings = {
				ALWAYS_EMBED_SWIFT_STANDARD_LIBRARIES = YES;
				BUNDLE_LOADER = "$(TEST_HOST)";
				CODE_SIGN_STYLE = Automatic;
				CURRENT_PROJECT_VERSION = 1;
				GENERATE_INFOPLIST_FILE = YES;
				IPHONEOS_DEPLOYMENT_TARGET = 15.2;
				MARKETING_VERSION = 1.0;
				PRODUCT_BUNDLE_IDENTIFIER = com.MC2.BuddyGoalsTests;
				PRODUCT_NAME = "$(TARGET_NAME)";
				SWIFT_EMIT_LOC_STRINGS = NO;
				SWIFT_VERSION = 5.0;
				TARGETED_DEVICE_FAMILY = "1,2";
				TEST_HOST = "$(BUILT_PRODUCTS_DIR)/BuddyGoals.app/BuddyGoals";
			};
			name = Release;
		};
		B379DECC2865A96800D1FC7F /* Debug */ = {
			isa = XCBuildConfiguration;
			buildSettings = {
				ALWAYS_EMBED_SWIFT_STANDARD_LIBRARIES = YES;
				CODE_SIGN_STYLE = Automatic;
				CURRENT_PROJECT_VERSION = 1;
				GENERATE_INFOPLIST_FILE = YES;
				MARKETING_VERSION = 1.0;
				PRODUCT_BUNDLE_IDENTIFIER = com.MC2.BuddyGoalsUITests;
				PRODUCT_NAME = "$(TARGET_NAME)";
				SWIFT_EMIT_LOC_STRINGS = NO;
				SWIFT_VERSION = 5.0;
				TARGETED_DEVICE_FAMILY = "1,2";
				TEST_TARGET_NAME = BuddyGoals;
			};
			name = Debug;
		};
		B379DECD2865A96800D1FC7F /* Release */ = {
			isa = XCBuildConfiguration;
			buildSettings = {
				ALWAYS_EMBED_SWIFT_STANDARD_LIBRARIES = YES;
				CODE_SIGN_STYLE = Automatic;
				CURRENT_PROJECT_VERSION = 1;
				GENERATE_INFOPLIST_FILE = YES;
				MARKETING_VERSION = 1.0;
				PRODUCT_BUNDLE_IDENTIFIER = com.MC2.BuddyGoalsUITests;
				PRODUCT_NAME = "$(TARGET_NAME)";
				SWIFT_EMIT_LOC_STRINGS = NO;
				SWIFT_VERSION = 5.0;
				TARGETED_DEVICE_FAMILY = "1,2";
				TEST_TARGET_NAME = BuddyGoals;
			};
			name = Release;
		};
/* End XCBuildConfiguration section */

/* Begin XCConfigurationList section */
		B379DE972865A96800D1FC7F /* Build configuration list for PBXProject "BuddyGoals" */ = {
			isa = XCConfigurationList;
			buildConfigurations = (
				B379DEC32865A96800D1FC7F /* Debug */,
				B379DEC42865A96800D1FC7F /* Release */,
			);
			defaultConfigurationIsVisible = 0;
			defaultConfigurationName = Release;
		};
		B379DEC52865A96800D1FC7F /* Build configuration list for PBXNativeTarget "BuddyGoals" */ = {
			isa = XCConfigurationList;
			buildConfigurations = (
				B379DEC62865A96800D1FC7F /* Debug */,
				B379DEC72865A96800D1FC7F /* Release */,
			);
			defaultConfigurationIsVisible = 0;
			defaultConfigurationName = Release;
		};
		B379DEC82865A96800D1FC7F /* Build configuration list for PBXNativeTarget "BuddyGoalsTests" */ = {
			isa = XCConfigurationList;
			buildConfigurations = (
				B379DEC92865A96800D1FC7F /* Debug */,
				B379DECA2865A96800D1FC7F /* Release */,
			);
			defaultConfigurationIsVisible = 0;
			defaultConfigurationName = Release;
		};
		B379DECB2865A96800D1FC7F /* Build configuration list for PBXNativeTarget "BuddyGoalsUITests" */ = {
			isa = XCConfigurationList;
			buildConfigurations = (
				B379DECC2865A96800D1FC7F /* Debug */,
				B379DECD2865A96800D1FC7F /* Release */,
			);
			defaultConfigurationIsVisible = 0;
			defaultConfigurationName = Release;
		};
/* End XCConfigurationList section */

/* Begin XCVersionGroup section */
		B379DEAA2865A96800D1FC7F /* BuddyGoals.xcdatamodeld */ = {
			isa = XCVersionGroup;
			children = (
				B379DEAB2865A96800D1FC7F /* BuddyGoals.xcdatamodel */,
			);
			currentVersion = B379DEAB2865A96800D1FC7F /* BuddyGoals.xcdatamodel */;
			path = BuddyGoals.xcdatamodeld;
			sourceTree = "<group>";
			versionGroupType = wrapper.xcdatamodel;
		};
/* End XCVersionGroup section */
	};
	rootObject = B379DE942865A96800D1FC7F /* Project object */;
}
