// !$*UTF8*$!
{
	archiveVersion = 1;
	classes = {
	};
	objectVersion = 55;
	objects = {

/* Begin PBXBuildFile section */
		B8309151286B5CE600310E04 /* BuddyGoalsApp.swift in Sources */ = {isa = PBXBuildFile; fileRef = B8309150286B5CE600310E04 /* BuddyGoalsApp.swift */; };
		B8309153286B5CE600310E04 /* ContentView.swift in Sources */ = {isa = PBXBuildFile; fileRef = B8309152286B5CE600310E04 /* ContentView.swift */; };
		B8309158286B5CE700310E04 /* Preview Assets.xcassets in Resources */ = {isa = PBXBuildFile; fileRef = B8309157286B5CE700310E04 /* Preview Assets.xcassets */; };
		B8309162286B5CE700310E04 /* BuddyGoalsTests.swift in Sources */ = {isa = PBXBuildFile; fileRef = B8309161286B5CE700310E04 /* BuddyGoalsTests.swift */; };
		B830916C286B5CE700310E04 /* BuddyGoalsUITests.swift in Sources */ = {isa = PBXBuildFile; fileRef = B830916B286B5CE700310E04 /* BuddyGoalsUITests.swift */; };
		B830916E286B5CE700310E04 /* BuddyGoalsUITestsLaunchTests.swift in Sources */ = {isa = PBXBuildFile; fileRef = B830916D286B5CE700310E04 /* BuddyGoalsUITestsLaunchTests.swift */; };
		B83091CE286B5D7C00310E04 /* Persistence.swift in Sources */ = {isa = PBXBuildFile; fileRef = B83091CB286B5D7C00310E04 /* Persistence.swift */; };
		B83091D2286B5DF500310E04 /* BuddyGoals.xcdatamodeld in Sources */ = {isa = PBXBuildFile; fileRef = B83091D0286B5DF500310E04 /* BuddyGoals.xcdatamodeld */; };
		B83091EE286B5E0100310E04 /* Goal.swift in Sources */ = {isa = PBXBuildFile; fileRef = B83091D4286B5E0100310E04 /* Goal.swift */; };
		B83091EF286B5E0100310E04 /* Rank.swift in Sources */ = {isa = PBXBuildFile; fileRef = B83091D5286B5E0100310E04 /* Rank.swift */; };
		B83091F0286B5E0100310E04 /* User.swift in Sources */ = {isa = PBXBuildFile; fileRef = B83091D6286B5E0100310E04 /* User.swift */; };
		B83091F1286B5E0100310E04 /* RepeatAction.swift in Sources */ = {isa = PBXBuildFile; fileRef = B83091D7286B5E0100310E04 /* RepeatAction.swift */; };
		B83091F2286B5E0100310E04 /* StringExtension.swift in Sources */ = {isa = PBXBuildFile; fileRef = B83091D8286B5E0100310E04 /* StringExtension.swift */; };
		B83091F3286B5E0100310E04 /* Dailies.swift in Sources */ = {isa = PBXBuildFile; fileRef = B83091D9286B5E0100310E04 /* Dailies.swift */; };
		B83091F4286B5E0100310E04 /* Actionable.swift in Sources */ = {isa = PBXBuildFile; fileRef = B83091DA286B5E0100310E04 /* Actionable.swift */; };
		B83091F5286B5E0100310E04 /* Plan.swift in Sources */ = {isa = PBXBuildFile; fileRef = B83091DB286B5E0100310E04 /* Plan.swift */; };
		B83091F6286B5E0100310E04 /* CompanionView.swift in Sources */ = {isa = PBXBuildFile; fileRef = B83091DE286B5E0100310E04 /* CompanionView.swift */; };
		B83091F7286B5E0100310E04 /* ProgressView.swift in Sources */ = {isa = PBXBuildFile; fileRef = B83091DF286B5E0100310E04 /* ProgressView.swift */; };
		B83091F8286B5E0100310E04 /* ColorsSet.swift in Sources */ = {isa = PBXBuildFile; fileRef = B83091E1286B5E0100310E04 /* ColorsSet.swift */; };
		B83091F9286B5E0100310E04 /* CardHomeView.swift in Sources */ = {isa = PBXBuildFile; fileRef = B83091E2286B5E0100310E04 /* CardHomeView.swift */; };
		B83091FA286B5E0100310E04 /* MainView.swift in Sources */ = {isa = PBXBuildFile; fileRef = B83091E3286B5E0100310E04 /* MainView.swift */; };
		B83091FB286B5E0100310E04 /* AddPlanView.swift in Sources */ = {isa = PBXBuildFile; fileRef = B83091E5286B5E0100310E04 /* AddPlanView.swift */; };
		B83091FC286B5E0100310E04 /* RankView.swift in Sources */ = {isa = PBXBuildFile; fileRef = B83091E6286B5E0100310E04 /* RankView.swift */; };
		B83091FD286B5E0100310E04 /* EditGoalView.swift in Sources */ = {isa = PBXBuildFile; fileRef = B83091E7286B5E0100310E04 /* EditGoalView.swift */; };
		B83091FE286B5E0100310E04 /* AddActionView.swift in Sources */ = {isa = PBXBuildFile; fileRef = B83091E8286B5E0100310E04 /* AddActionView.swift */; };
		B83091FF286B5E0100310E04 /* GoalView.swift in Sources */ = {isa = PBXBuildFile; fileRef = B83091E9286B5E0100310E04 /* GoalView.swift */; };
		B8309200286B5E0100310E04 /* SubmissionPicker.swift in Sources */ = {isa = PBXBuildFile; fileRef = B83091EC286B5E0100310E04 /* SubmissionPicker.swift */; };
		B8309201286B5E0100310E04 /* NavigationAppearance.swift in Sources */ = {isa = PBXBuildFile; fileRef = B83091ED286B5E0100310E04 /* NavigationAppearance.swift */; };
		B8309203286B5EEC00310E04 /* Assets.xcassets in Resources */ = {isa = PBXBuildFile; fileRef = B8309202286B5EEC00310E04 /* Assets.xcassets */; };
		F70EABED286C3EBF00AC2E99 /* ScrollPlanView.swift in Sources */ = {isa = PBXBuildFile; fileRef = F70EABEC286C3EBF00AC2E99 /* ScrollPlanView.swift */; };
		F70EABEF286C3FB400AC2E99 /* PlanHomeView.swift in Sources */ = {isa = PBXBuildFile; fileRef = F70EABEE286C3FB400AC2E99 /* PlanHomeView.swift */; };
/* End PBXBuildFile section */

/* Begin PBXContainerItemProxy section */
		B830915E286B5CE700310E04 /* PBXContainerItemProxy */ = {
			isa = PBXContainerItemProxy;
			containerPortal = B8309145286B5CE600310E04 /* Project object */;
			proxyType = 1;
			remoteGlobalIDString = B830914C286B5CE600310E04;
			remoteInfo = BuddyGoals;
		};
		B8309168286B5CE700310E04 /* PBXContainerItemProxy */ = {
			isa = PBXContainerItemProxy;
			containerPortal = B8309145286B5CE600310E04 /* Project object */;
			proxyType = 1;
			remoteGlobalIDString = B830914C286B5CE600310E04;
			remoteInfo = BuddyGoals;
		};
/* End PBXContainerItemProxy section */

/* Begin PBXFileReference section */
		B830914D286B5CE600310E04 /* BuddyGoals.app */ = {isa = PBXFileReference; explicitFileType = wrapper.application; includeInIndex = 0; path = BuddyGoals.app; sourceTree = BUILT_PRODUCTS_DIR; };
		B8309150286B5CE600310E04 /* BuddyGoalsApp.swift */ = {isa = PBXFileReference; lastKnownFileType = sourcecode.swift; path = BuddyGoalsApp.swift; sourceTree = "<group>"; };
		B8309152286B5CE600310E04 /* ContentView.swift */ = {isa = PBXFileReference; lastKnownFileType = sourcecode.swift; path = ContentView.swift; sourceTree = "<group>"; };
		B8309157286B5CE700310E04 /* Preview Assets.xcassets */ = {isa = PBXFileReference; lastKnownFileType = folder.assetcatalog; path = "Preview Assets.xcassets"; sourceTree = "<group>"; };
		B830915D286B5CE700310E04 /* BuddyGoalsTests.xctest */ = {isa = PBXFileReference; explicitFileType = wrapper.cfbundle; includeInIndex = 0; path = BuddyGoalsTests.xctest; sourceTree = BUILT_PRODUCTS_DIR; };
		B8309161286B5CE700310E04 /* BuddyGoalsTests.swift */ = {isa = PBXFileReference; lastKnownFileType = sourcecode.swift; path = BuddyGoalsTests.swift; sourceTree = "<group>"; };
		B8309167286B5CE700310E04 /* BuddyGoalsUITests.xctest */ = {isa = PBXFileReference; explicitFileType = wrapper.cfbundle; includeInIndex = 0; path = BuddyGoalsUITests.xctest; sourceTree = BUILT_PRODUCTS_DIR; };
		B830916B286B5CE700310E04 /* BuddyGoalsUITests.swift */ = {isa = PBXFileReference; lastKnownFileType = sourcecode.swift; path = BuddyGoalsUITests.swift; sourceTree = "<group>"; };
		B830916D286B5CE700310E04 /* BuddyGoalsUITestsLaunchTests.swift */ = {isa = PBXFileReference; lastKnownFileType = sourcecode.swift; path = BuddyGoalsUITestsLaunchTests.swift; sourceTree = "<group>"; };
		B83091CB286B5D7C00310E04 /* Persistence.swift */ = {isa = PBXFileReference; fileEncoding = 4; lastKnownFileType = sourcecode.swift; path = Persistence.swift; sourceTree = "<group>"; };
		B83091D1286B5DF500310E04 /* BuddyGoals.xcdatamodel */ = {isa = PBXFileReference; lastKnownFileType = wrapper.xcdatamodel; path = BuddyGoals.xcdatamodel; sourceTree = "<group>"; };
		B83091D4286B5E0100310E04 /* Goal.swift */ = {isa = PBXFileReference; fileEncoding = 4; lastKnownFileType = sourcecode.swift; path = Goal.swift; sourceTree = "<group>"; };
		B83091D5286B5E0100310E04 /* Rank.swift */ = {isa = PBXFileReference; fileEncoding = 4; lastKnownFileType = sourcecode.swift; path = Rank.swift; sourceTree = "<group>"; };
		B83091D6286B5E0100310E04 /* User.swift */ = {isa = PBXFileReference; fileEncoding = 4; lastKnownFileType = sourcecode.swift; path = User.swift; sourceTree = "<group>"; };
		B83091D7286B5E0100310E04 /* RepeatAction.swift */ = {isa = PBXFileReference; fileEncoding = 4; lastKnownFileType = sourcecode.swift; path = RepeatAction.swift; sourceTree = "<group>"; };
		B83091D8286B5E0100310E04 /* StringExtension.swift */ = {isa = PBXFileReference; fileEncoding = 4; lastKnownFileType = sourcecode.swift; path = StringExtension.swift; sourceTree = "<group>"; };
		B83091D9286B5E0100310E04 /* Dailies.swift */ = {isa = PBXFileReference; fileEncoding = 4; lastKnownFileType = sourcecode.swift; path = Dailies.swift; sourceTree = "<group>"; };
		B83091DA286B5E0100310E04 /* Actionable.swift */ = {isa = PBXFileReference; fileEncoding = 4; lastKnownFileType = sourcecode.swift; path = Actionable.swift; sourceTree = "<group>"; };
		B83091DB286B5E0100310E04 /* Plan.swift */ = {isa = PBXFileReference; fileEncoding = 4; lastKnownFileType = sourcecode.swift; path = Plan.swift; sourceTree = "<group>"; };
		B83091DE286B5E0100310E04 /* CompanionView.swift */ = {isa = PBXFileReference; fileEncoding = 4; lastKnownFileType = sourcecode.swift; path = CompanionView.swift; sourceTree = "<group>"; };
		B83091DF286B5E0100310E04 /* ProgressView.swift */ = {isa = PBXFileReference; fileEncoding = 4; lastKnownFileType = sourcecode.swift; path = ProgressView.swift; sourceTree = "<group>"; };
		B83091E1286B5E0100310E04 /* ColorsSet.swift */ = {isa = PBXFileReference; fileEncoding = 4; lastKnownFileType = sourcecode.swift; path = ColorsSet.swift; sourceTree = "<group>"; };
		B83091E2286B5E0100310E04 /* CardHomeView.swift */ = {isa = PBXFileReference; fileEncoding = 4; lastKnownFileType = sourcecode.swift; path = CardHomeView.swift; sourceTree = "<group>"; };
		B83091E3286B5E0100310E04 /* MainView.swift */ = {isa = PBXFileReference; fileEncoding = 4; lastKnownFileType = sourcecode.swift; path = MainView.swift; sourceTree = "<group>"; };
		B83091E5286B5E0100310E04 /* AddPlanView.swift */ = {isa = PBXFileReference; fileEncoding = 4; lastKnownFileType = sourcecode.swift; path = AddPlanView.swift; sourceTree = "<group>"; };
		B83091E6286B5E0100310E04 /* RankView.swift */ = {isa = PBXFileReference; fileEncoding = 4; lastKnownFileType = sourcecode.swift; path = RankView.swift; sourceTree = "<group>"; };
		B83091E7286B5E0100310E04 /* EditGoalView.swift */ = {isa = PBXFileReference; fileEncoding = 4; lastKnownFileType = sourcecode.swift; path = EditGoalView.swift; sourceTree = "<group>"; };
		B83091E8286B5E0100310E04 /* AddActionView.swift */ = {isa = PBXFileReference; fileEncoding = 4; lastKnownFileType = sourcecode.swift; path = AddActionView.swift; sourceTree = "<group>"; };
		B83091E9286B5E0100310E04 /* GoalView.swift */ = {isa = PBXFileReference; fileEncoding = 4; lastKnownFileType = sourcecode.swift; path = GoalView.swift; sourceTree = "<group>"; };
		B83091EC286B5E0100310E04 /* SubmissionPicker.swift */ = {isa = PBXFileReference; fileEncoding = 4; lastKnownFileType = sourcecode.swift; path = SubmissionPicker.swift; sourceTree = "<group>"; };
		B83091ED286B5E0100310E04 /* NavigationAppearance.swift */ = {isa = PBXFileReference; fileEncoding = 4; lastKnownFileType = sourcecode.swift; path = NavigationAppearance.swift; sourceTree = "<group>"; };
		B8309202286B5EEC00310E04 /* Assets.xcassets */ = {isa = PBXFileReference; lastKnownFileType = folder.assetcatalog; path = Assets.xcassets; sourceTree = "<group>"; };
		F70EABEC286C3EBF00AC2E99 /* ScrollPlanView.swift */ = {isa = PBXFileReference; lastKnownFileType = sourcecode.swift; path = ScrollPlanView.swift; sourceTree = "<group>"; };
		F70EABEE286C3FB400AC2E99 /* PlanHomeView.swift */ = {isa = PBXFileReference; lastKnownFileType = sourcecode.swift; path = PlanHomeView.swift; sourceTree = "<group>"; };
/* End PBXFileReference section */

/* Begin PBXFrameworksBuildPhase section */
		B830914A286B5CE600310E04 /* Frameworks */ = {
			isa = PBXFrameworksBuildPhase;
			buildActionMask = 2147483647;
			files = (
			);
			runOnlyForDeploymentPostprocessing = 0;
		};
		B830915A286B5CE700310E04 /* Frameworks */ = {
			isa = PBXFrameworksBuildPhase;
			buildActionMask = 2147483647;
			files = (
			);
			runOnlyForDeploymentPostprocessing = 0;
		};
		B8309164286B5CE700310E04 /* Frameworks */ = {
			isa = PBXFrameworksBuildPhase;
			buildActionMask = 2147483647;
			files = (
			);
			runOnlyForDeploymentPostprocessing = 0;
		};
/* End PBXFrameworksBuildPhase section */

/* Begin PBXGroup section */
		B8309144286B5CE600310E04 = {
			isa = PBXGroup;
			children = (
				B830914F286B5CE600310E04 /* BuddyGoals */,
				B8309160286B5CE700310E04 /* BuddyGoalsTests */,
				B830916A286B5CE700310E04 /* BuddyGoalsUITests */,
				B830914E286B5CE600310E04 /* Products */,
			);
			sourceTree = "<group>";
		};
		B830914E286B5CE600310E04 /* Products */ = {
			isa = PBXGroup;
			children = (
				B830914D286B5CE600310E04 /* BuddyGoals.app */,
				B830915D286B5CE700310E04 /* BuddyGoalsTests.xctest */,
				B8309167286B5CE700310E04 /* BuddyGoalsUITests.xctest */,
			);
			name = Products;
			sourceTree = "<group>";
		};
		B830914F286B5CE600310E04 /* BuddyGoals */ = {
			isa = PBXGroup;
			children = (
				B83091DC286B5E0100310E04 /* Model */,
				B83091D3286B5E0100310E04 /* Objects */,
				B83091EB286B5E0100310E04 /* Services */,
				B83091DD286B5E0100310E04 /* View */,
				B83091EA286B5E0100310E04 /* ViewModel */,
				B8309150286B5CE600310E04 /* BuddyGoalsApp.swift */,
				B83091CB286B5D7C00310E04 /* Persistence.swift */,
				B8309152286B5CE600310E04 /* ContentView.swift */,
				B8309202286B5EEC00310E04 /* Assets.xcassets */,
				B83091D0286B5DF500310E04 /* BuddyGoals.xcdatamodeld */,
				B8309156286B5CE700310E04 /* Preview Content */,
			);
			path = BuddyGoals;
			sourceTree = "<group>";
		};
		B8309156286B5CE700310E04 /* Preview Content */ = {
			isa = PBXGroup;
			children = (
				B8309157286B5CE700310E04 /* Preview Assets.xcassets */,
			);
			path = "Preview Content";
			sourceTree = "<group>";
		};
		B8309160286B5CE700310E04 /* BuddyGoalsTests */ = {
			isa = PBXGroup;
			children = (
				B8309161286B5CE700310E04 /* BuddyGoalsTests.swift */,
			);
			path = BuddyGoalsTests;
			sourceTree = "<group>";
		};
		B830916A286B5CE700310E04 /* BuddyGoalsUITests */ = {
			isa = PBXGroup;
			children = (
				B830916B286B5CE700310E04 /* BuddyGoalsUITests.swift */,
				B830916D286B5CE700310E04 /* BuddyGoalsUITestsLaunchTests.swift */,
			);
			path = BuddyGoalsUITests;
			sourceTree = "<group>";
		};
		B83091D3286B5E0100310E04 /* Objects */ = {
			isa = PBXGroup;
			children = (
				B83091D4286B5E0100310E04 /* Goal.swift */,
				B83091D5286B5E0100310E04 /* Rank.swift */,
				B83091D6286B5E0100310E04 /* User.swift */,
				B83091D7286B5E0100310E04 /* RepeatAction.swift */,
				B83091D8286B5E0100310E04 /* StringExtension.swift */,
				B83091D9286B5E0100310E04 /* Dailies.swift */,
				B83091DA286B5E0100310E04 /* Actionable.swift */,
				B83091DB286B5E0100310E04 /* Plan.swift */,
			);
			path = Objects;
			sourceTree = "<group>";
		};
		B83091DC286B5E0100310E04 /* Model */ = {
			isa = PBXGroup;
			children = (
			);
			path = Model;
			sourceTree = "<group>";
		};
		B83091DD286B5E0100310E04 /* View */ = {
			isa = PBXGroup;
			children = (
				B83091E4286B5E0100310E04 /* Modal */,
				B83091E0286B5E0100310E04 /* Component */,
				B83091E3286B5E0100310E04 /* MainView.swift */,
				B83091DF286B5E0100310E04 /* ProgressView.swift */,
				B83091DE286B5E0100310E04 /* CompanionView.swift */,
				B83091E9286B5E0100310E04 /* GoalView.swift */,
			);
			path = View;
			sourceTree = "<group>";
		};
		B83091E0286B5E0100310E04 /* Component */ = {
			isa = PBXGroup;
			children = (
				B83091E1286B5E0100310E04 /* ColorsSet.swift */,
				B83091E2286B5E0100310E04 /* CardHomeView.swift */,
				F70EABEC286C3EBF00AC2E99 /* ScrollPlanView.swift */,
				F70EABEE286C3FB400AC2E99 /* PlanHomeView.swift */,
			);
			path = Component;
			sourceTree = "<group>";
		};
		B83091E4286B5E0100310E04 /* Modal */ = {
			isa = PBXGroup;
			children = (
				B83091E5286B5E0100310E04 /* AddPlanView.swift */,
				B83091E6286B5E0100310E04 /* RankView.swift */,
				B83091E7286B5E0100310E04 /* EditGoalView.swift */,
				B83091E8286B5E0100310E04 /* AddActionView.swift */,
			);
			path = Modal;
			sourceTree = "<group>";
		};
		B83091EA286B5E0100310E04 /* ViewModel */ = {
			isa = PBXGroup;
			children = (
			);
			path = ViewModel;
			sourceTree = "<group>";
		};
		B83091EB286B5E0100310E04 /* Services */ = {
			isa = PBXGroup;
			children = (
				B83091EC286B5E0100310E04 /* SubmissionPicker.swift */,
				B83091ED286B5E0100310E04 /* NavigationAppearance.swift */,
			);
			path = Services;
			sourceTree = "<group>";
		};
/* End PBXGroup section */

/* Begin PBXNativeTarget section */
		B830914C286B5CE600310E04 /* BuddyGoals */ = {
			isa = PBXNativeTarget;
			buildConfigurationList = B8309171286B5CE700310E04 /* Build configuration list for PBXNativeTarget "BuddyGoals" */;
			buildPhases = (
				B8309149286B5CE600310E04 /* Sources */,
				B830914A286B5CE600310E04 /* Frameworks */,
				B830914B286B5CE600310E04 /* Resources */,
			);
			buildRules = (
			);
			dependencies = (
			);
			name = BuddyGoals;
			productName = BuddyGoals;
			productReference = B830914D286B5CE600310E04 /* BuddyGoals.app */;
			productType = "com.apple.product-type.application";
		};
		B830915C286B5CE700310E04 /* BuddyGoalsTests */ = {
			isa = PBXNativeTarget;
			buildConfigurationList = B8309174286B5CE700310E04 /* Build configuration list for PBXNativeTarget "BuddyGoalsTests" */;
			buildPhases = (
				B8309159286B5CE700310E04 /* Sources */,
				B830915A286B5CE700310E04 /* Frameworks */,
				B830915B286B5CE700310E04 /* Resources */,
			);
			buildRules = (
			);
			dependencies = (
				B830915F286B5CE700310E04 /* PBXTargetDependency */,
			);
			name = BuddyGoalsTests;
			productName = BuddyGoalsTests;
			productReference = B830915D286B5CE700310E04 /* BuddyGoalsTests.xctest */;
			productType = "com.apple.product-type.bundle.unit-test";
		};
		B8309166286B5CE700310E04 /* BuddyGoalsUITests */ = {
			isa = PBXNativeTarget;
			buildConfigurationList = B8309177286B5CE700310E04 /* Build configuration list for PBXNativeTarget "BuddyGoalsUITests" */;
			buildPhases = (
				B8309163286B5CE700310E04 /* Sources */,
				B8309164286B5CE700310E04 /* Frameworks */,
				B8309165286B5CE700310E04 /* Resources */,
			);
			buildRules = (
			);
			dependencies = (
				B8309169286B5CE700310E04 /* PBXTargetDependency */,
			);
			name = BuddyGoalsUITests;
			productName = BuddyGoalsUITests;
			productReference = B8309167286B5CE700310E04 /* BuddyGoalsUITests.xctest */;
			productType = "com.apple.product-type.bundle.ui-testing";
		};
/* End PBXNativeTarget section */

/* Begin PBXProject section */
		B8309145286B5CE600310E04 /* Project object */ = {
			isa = PBXProject;
			attributes = {
				BuildIndependentTargetsInParallel = 1;
				LastSwiftUpdateCheck = 1340;
				LastUpgradeCheck = 1340;
				TargetAttributes = {
					B830914C286B5CE600310E04 = {
						CreatedOnToolsVersion = 13.4.1;
					};
					B830915C286B5CE700310E04 = {
						CreatedOnToolsVersion = 13.4.1;
						TestTargetID = B830914C286B5CE600310E04;
					};
					B8309166286B5CE700310E04 = {
						CreatedOnToolsVersion = 13.4.1;
						TestTargetID = B830914C286B5CE600310E04;
					};
				};
			};
			buildConfigurationList = B8309148286B5CE600310E04 /* Build configuration list for PBXProject "BuddyGoals" */;
			compatibilityVersion = "Xcode 13.0";
			developmentRegion = en;
			hasScannedForEncodings = 0;
			knownRegions = (
				en,
				Base,
			);
			mainGroup = B8309144286B5CE600310E04;
			productRefGroup = B830914E286B5CE600310E04 /* Products */;
			projectDirPath = "";
			projectRoot = "";
			targets = (
				B830914C286B5CE600310E04 /* BuddyGoals */,
				B830915C286B5CE700310E04 /* BuddyGoalsTests */,
				B8309166286B5CE700310E04 /* BuddyGoalsUITests */,
			);
		};
/* End PBXProject section */

/* Begin PBXResourcesBuildPhase section */
		B830914B286B5CE600310E04 /* Resources */ = {
			isa = PBXResourcesBuildPhase;
			buildActionMask = 2147483647;
			files = (
				B8309203286B5EEC00310E04 /* Assets.xcassets in Resources */,
				B8309158286B5CE700310E04 /* Preview Assets.xcassets in Resources */,
			);
			runOnlyForDeploymentPostprocessing = 0;
		};
		B830915B286B5CE700310E04 /* Resources */ = {
			isa = PBXResourcesBuildPhase;
			buildActionMask = 2147483647;
			files = (
			);
			runOnlyForDeploymentPostprocessing = 0;
		};
		B8309165286B5CE700310E04 /* Resources */ = {
			isa = PBXResourcesBuildPhase;
			buildActionMask = 2147483647;
			files = (
			);
			runOnlyForDeploymentPostprocessing = 0;
		};
/* End PBXResourcesBuildPhase section */

/* Begin PBXSourcesBuildPhase section */
		B8309149286B5CE600310E04 /* Sources */ = {
			isa = PBXSourcesBuildPhase;
			buildActionMask = 2147483647;
			files = (
				B8309153286B5CE600310E04 /* ContentView.swift in Sources */,
				B83091D2286B5DF500310E04 /* BuddyGoals.xcdatamodeld in Sources */,
				B8309200286B5E0100310E04 /* SubmissionPicker.swift in Sources */,
				B8309151286B5CE600310E04 /* BuddyGoalsApp.swift in Sources */,
				B83091FF286B5E0100310E04 /* GoalView.swift in Sources */,
				B8309201286B5E0100310E04 /* NavigationAppearance.swift in Sources */,
				B83091F3286B5E0100310E04 /* Dailies.swift in Sources */,
				B83091F6286B5E0100310E04 /* CompanionView.swift in Sources */,
				B83091FD286B5E0100310E04 /* EditGoalView.swift in Sources */,
				B83091F4286B5E0100310E04 /* Actionable.swift in Sources */,
				B83091EF286B5E0100310E04 /* Rank.swift in Sources */,
				B83091FC286B5E0100310E04 /* RankView.swift in Sources */,
				B83091F1286B5E0100310E04 /* RepeatAction.swift in Sources */,
				B83091F2286B5E0100310E04 /* StringExtension.swift in Sources */,
				B83091F5286B5E0100310E04 /* Plan.swift in Sources */,
				B83091EE286B5E0100310E04 /* Goal.swift in Sources */,
				B83091FA286B5E0100310E04 /* MainView.swift in Sources */,
				B83091F9286B5E0100310E04 /* CardHomeView.swift in Sources */,
				B83091FE286B5E0100310E04 /* AddActionView.swift in Sources */,
				B83091F7286B5E0100310E04 /* ProgressView.swift in Sources */,
				B83091CE286B5D7C00310E04 /* Persistence.swift in Sources */,
				B83091F8286B5E0100310E04 /* ColorsSet.swift in Sources */,
				F70EABEF286C3FB400AC2E99 /* PlanHomeView.swift in Sources */,
				F70EABED286C3EBF00AC2E99 /* ScrollPlanView.swift in Sources */,
				B83091F0286B5E0100310E04 /* User.swift in Sources */,
				B83091FB286B5E0100310E04 /* AddPlanView.swift in Sources */,
			);
			runOnlyForDeploymentPostprocessing = 0;
		};
		B8309159286B5CE700310E04 /* Sources */ = {
			isa = PBXSourcesBuildPhase;
			buildActionMask = 2147483647;
			files = (
				B8309162286B5CE700310E04 /* BuddyGoalsTests.swift in Sources */,
			);
			runOnlyForDeploymentPostprocessing = 0;
		};
		B8309163286B5CE700310E04 /* Sources */ = {
			isa = PBXSourcesBuildPhase;
			buildActionMask = 2147483647;
			files = (
				B830916E286B5CE700310E04 /* BuddyGoalsUITestsLaunchTests.swift in Sources */,
				B830916C286B5CE700310E04 /* BuddyGoalsUITests.swift in Sources */,
			);
			runOnlyForDeploymentPostprocessing = 0;
		};
/* End PBXSourcesBuildPhase section */

/* Begin PBXTargetDependency section */
		B830915F286B5CE700310E04 /* PBXTargetDependency */ = {
			isa = PBXTargetDependency;
			target = B830914C286B5CE600310E04 /* BuddyGoals */;
			targetProxy = B830915E286B5CE700310E04 /* PBXContainerItemProxy */;
		};
		B8309169286B5CE700310E04 /* PBXTargetDependency */ = {
			isa = PBXTargetDependency;
			target = B830914C286B5CE600310E04 /* BuddyGoals */;
			targetProxy = B8309168286B5CE700310E04 /* PBXContainerItemProxy */;
		};
/* End PBXTargetDependency section */

/* Begin XCBuildConfiguration section */
		B830916F286B5CE700310E04 /* Debug */ = {
			isa = XCBuildConfiguration;
			buildSettings = {
				ALWAYS_SEARCH_USER_PATHS = NO;
				CLANG_ANALYZER_NONNULL = YES;
				CLANG_ANALYZER_NUMBER_OBJECT_CONVERSION = YES_AGGRESSIVE;
				CLANG_CXX_LANGUAGE_STANDARD = "gnu++17";
				CLANG_ENABLE_MODULES = YES;
				CLANG_ENABLE_OBJC_ARC = YES;
				CLANG_ENABLE_OBJC_WEAK = YES;
				CLANG_WARN_BLOCK_CAPTURE_AUTORELEASING = YES;
				CLANG_WARN_BOOL_CONVERSION = YES;
				CLANG_WARN_COMMA = YES;
				CLANG_WARN_CONSTANT_CONVERSION = YES;
				CLANG_WARN_DEPRECATED_OBJC_IMPLEMENTATIONS = YES;
				CLANG_WARN_DIRECT_OBJC_ISA_USAGE = YES_ERROR;
				CLANG_WARN_DOCUMENTATION_COMMENTS = YES;
				CLANG_WARN_EMPTY_BODY = YES;
				CLANG_WARN_ENUM_CONVERSION = YES;
				CLANG_WARN_INFINITE_RECURSION = YES;
				CLANG_WARN_INT_CONVERSION = YES;
				CLANG_WARN_NON_LITERAL_NULL_CONVERSION = YES;
				CLANG_WARN_OBJC_IMPLICIT_RETAIN_SELF = YES;
				CLANG_WARN_OBJC_LITERAL_CONVERSION = YES;
				CLANG_WARN_OBJC_ROOT_CLASS = YES_ERROR;
				CLANG_WARN_QUOTED_INCLUDE_IN_FRAMEWORK_HEADER = YES;
				CLANG_WARN_RANGE_LOOP_ANALYSIS = YES;
				CLANG_WARN_STRICT_PROTOTYPES = YES;
				CLANG_WARN_SUSPICIOUS_MOVE = YES;
				CLANG_WARN_UNGUARDED_AVAILABILITY = YES_AGGRESSIVE;
				CLANG_WARN_UNREACHABLE_CODE = YES;
				CLANG_WARN__DUPLICATE_METHOD_MATCH = YES;
				COPY_PHASE_STRIP = NO;
				DEBUG_INFORMATION_FORMAT = dwarf;
				ENABLE_STRICT_OBJC_MSGSEND = YES;
				ENABLE_TESTABILITY = YES;
				GCC_C_LANGUAGE_STANDARD = gnu11;
				GCC_DYNAMIC_NO_PIC = NO;
				GCC_NO_COMMON_BLOCKS = YES;
				GCC_OPTIMIZATION_LEVEL = 0;
				GCC_PREPROCESSOR_DEFINITIONS = (
					"DEBUG=1",
					"$(inherited)",
				);
				GCC_WARN_64_TO_32_BIT_CONVERSION = YES;
				GCC_WARN_ABOUT_RETURN_TYPE = YES_ERROR;
				GCC_WARN_UNDECLARED_SELECTOR = YES;
				GCC_WARN_UNINITIALIZED_AUTOS = YES_AGGRESSIVE;
				GCC_WARN_UNUSED_FUNCTION = YES;
				GCC_WARN_UNUSED_VARIABLE = YES;
				IPHONEOS_DEPLOYMENT_TARGET = 15.5;
				MTL_ENABLE_DEBUG_INFO = INCLUDE_SOURCE;
				MTL_FAST_MATH = YES;
				ONLY_ACTIVE_ARCH = YES;
				SDKROOT = iphoneos;
				SWIFT_ACTIVE_COMPILATION_CONDITIONS = DEBUG;
				SWIFT_OPTIMIZATION_LEVEL = "-Onone";
			};
			name = Debug;
		};
		B8309170286B5CE700310E04 /* Release */ = {
			isa = XCBuildConfiguration;
			buildSettings = {
				ALWAYS_SEARCH_USER_PATHS = NO;
				CLANG_ANALYZER_NONNULL = YES;
				CLANG_ANALYZER_NUMBER_OBJECT_CONVERSION = YES_AGGRESSIVE;
				CLANG_CXX_LANGUAGE_STANDARD = "gnu++17";
				CLANG_ENABLE_MODULES = YES;
				CLANG_ENABLE_OBJC_ARC = YES;
				CLANG_ENABLE_OBJC_WEAK = YES;
				CLANG_WARN_BLOCK_CAPTURE_AUTORELEASING = YES;
				CLANG_WARN_BOOL_CONVERSION = YES;
				CLANG_WARN_COMMA = YES;
				CLANG_WARN_CONSTANT_CONVERSION = YES;
				CLANG_WARN_DEPRECATED_OBJC_IMPLEMENTATIONS = YES;
				CLANG_WARN_DIRECT_OBJC_ISA_USAGE = YES_ERROR;
				CLANG_WARN_DOCUMENTATION_COMMENTS = YES;
				CLANG_WARN_EMPTY_BODY = YES;
				CLANG_WARN_ENUM_CONVERSION = YES;
				CLANG_WARN_INFINITE_RECURSION = YES;
				CLANG_WARN_INT_CONVERSION = YES;
				CLANG_WARN_NON_LITERAL_NULL_CONVERSION = YES;
				CLANG_WARN_OBJC_IMPLICIT_RETAIN_SELF = YES;
				CLANG_WARN_OBJC_LITERAL_CONVERSION = YES;
				CLANG_WARN_OBJC_ROOT_CLASS = YES_ERROR;
				CLANG_WARN_QUOTED_INCLUDE_IN_FRAMEWORK_HEADER = YES;
				CLANG_WARN_RANGE_LOOP_ANALYSIS = YES;
				CLANG_WARN_STRICT_PROTOTYPES = YES;
				CLANG_WARN_SUSPICIOUS_MOVE = YES;
				CLANG_WARN_UNGUARDED_AVAILABILITY = YES_AGGRESSIVE;
				CLANG_WARN_UNREACHABLE_CODE = YES;
				CLANG_WARN__DUPLICATE_METHOD_MATCH = YES;
				COPY_PHASE_STRIP = NO;
				DEBUG_INFORMATION_FORMAT = "dwarf-with-dsym";
				ENABLE_NS_ASSERTIONS = NO;
				ENABLE_STRICT_OBJC_MSGSEND = YES;
				GCC_C_LANGUAGE_STANDARD = gnu11;
				GCC_NO_COMMON_BLOCKS = YES;
				GCC_WARN_64_TO_32_BIT_CONVERSION = YES;
				GCC_WARN_ABOUT_RETURN_TYPE = YES_ERROR;
				GCC_WARN_UNDECLARED_SELECTOR = YES;
				GCC_WARN_UNINITIALIZED_AUTOS = YES_AGGRESSIVE;
				GCC_WARN_UNUSED_FUNCTION = YES;
				GCC_WARN_UNUSED_VARIABLE = YES;
				IPHONEOS_DEPLOYMENT_TARGET = 15.5;
				MTL_ENABLE_DEBUG_INFO = NO;
				MTL_FAST_MATH = YES;
				SDKROOT = iphoneos;
				SWIFT_COMPILATION_MODE = wholemodule;
				SWIFT_OPTIMIZATION_LEVEL = "-O";
				VALIDATE_PRODUCT = YES;
			};
			name = Release;
		};
		B8309172286B5CE700310E04 /* Debug */ = {
			isa = XCBuildConfiguration;
			buildSettings = {
				ASSETCATALOG_COMPILER_APPICON_NAME = AppIcon;
				ASSETCATALOG_COMPILER_GLOBAL_ACCENT_COLOR_NAME = AccentColor;
				CODE_SIGN_STYLE = Automatic;
				CURRENT_PROJECT_VERSION = 1;
				DEVELOPMENT_ASSET_PATHS = "\"BuddyGoals/Preview Content\"";
				DEVELOPMENT_TEAM = H4B8Q4454B;
				ENABLE_PREVIEWS = YES;
				GENERATE_INFOPLIST_FILE = YES;
				INFOPLIST_KEY_UIApplicationSceneManifest_Generation = YES;
				INFOPLIST_KEY_UIApplicationSupportsIndirectInputEvents = YES;
				INFOPLIST_KEY_UILaunchScreen_Generation = YES;
				INFOPLIST_KEY_UISupportedInterfaceOrientations_iPad = "UIInterfaceOrientationPortrait UIInterfaceOrientationPortraitUpsideDown UIInterfaceOrientationLandscapeLeft UIInterfaceOrientationLandscapeRight";
				INFOPLIST_KEY_UISupportedInterfaceOrientations_iPhone = "UIInterfaceOrientationPortrait UIInterfaceOrientationLandscapeLeft UIInterfaceOrientationLandscapeRight";
				IPHONEOS_DEPLOYMENT_TARGET = 15.4;
				LD_RUNPATH_SEARCH_PATHS = (
					"$(inherited)",
					"@executable_path/Frameworks",
				);
				MARKETING_VERSION = 1.0;
				PRODUCT_BUNDLE_IDENTIFIER = cip.BuddyGoals;
				PRODUCT_NAME = "$(TARGET_NAME)";
				SWIFT_EMIT_LOC_STRINGS = YES;
				SWIFT_VERSION = 5.0;
				TARGETED_DEVICE_FAMILY = "1,2";
			};
			name = Debug;
		};
		B8309173286B5CE700310E04 /* Release */ = {
			isa = XCBuildConfiguration;
			buildSettings = {
				ASSETCATALOG_COMPILER_APPICON_NAME = AppIcon;
				ASSETCATALOG_COMPILER_GLOBAL_ACCENT_COLOR_NAME = AccentColor;
				CODE_SIGN_STYLE = Automatic;
				CURRENT_PROJECT_VERSION = 1;
				DEVELOPMENT_ASSET_PATHS = "\"BuddyGoals/Preview Content\"";
				DEVELOPMENT_TEAM = H4B8Q4454B;
				ENABLE_PREVIEWS = YES;
				GENERATE_INFOPLIST_FILE = YES;
				INFOPLIST_KEY_UIApplicationSceneManifest_Generation = YES;
				INFOPLIST_KEY_UIApplicationSupportsIndirectInputEvents = YES;
				INFOPLIST_KEY_UILaunchScreen_Generation = YES;
				INFOPLIST_KEY_UISupportedInterfaceOrientations_iPad = "UIInterfaceOrientationPortrait UIInterfaceOrientationPortraitUpsideDown UIInterfaceOrientationLandscapeLeft UIInterfaceOrientationLandscapeRight";
				INFOPLIST_KEY_UISupportedInterfaceOrientations_iPhone = "UIInterfaceOrientationPortrait UIInterfaceOrientationLandscapeLeft UIInterfaceOrientationLandscapeRight";
				IPHONEOS_DEPLOYMENT_TARGET = 15.4;
				LD_RUNPATH_SEARCH_PATHS = (
					"$(inherited)",
					"@executable_path/Frameworks",
				);
				MARKETING_VERSION = 1.0;
				PRODUCT_BUNDLE_IDENTIFIER = cip.BuddyGoals;
				PRODUCT_NAME = "$(TARGET_NAME)";
				SWIFT_EMIT_LOC_STRINGS = YES;
				SWIFT_VERSION = 5.0;
				TARGETED_DEVICE_FAMILY = "1,2";
			};
			name = Release;
		};
		B8309175286B5CE700310E04 /* Debug */ = {
			isa = XCBuildConfiguration;
			buildSettings = {
				ALWAYS_EMBED_SWIFT_STANDARD_LIBRARIES = YES;
				BUNDLE_LOADER = "$(TEST_HOST)";
				CODE_SIGN_STYLE = Automatic;
				CURRENT_PROJECT_VERSION = 1;
				DEVELOPMENT_TEAM = GHNZ6R7D9B;
				GENERATE_INFOPLIST_FILE = YES;
				IPHONEOS_DEPLOYMENT_TARGET = 15.5;
				MARKETING_VERSION = 1.0;
				PRODUCT_BUNDLE_IDENTIFIER = cip.BuddyGoalsTests;
				PRODUCT_NAME = "$(TARGET_NAME)";
				SWIFT_EMIT_LOC_STRINGS = NO;
				SWIFT_VERSION = 5.0;
				TARGETED_DEVICE_FAMILY = "1,2";
				TEST_HOST = "$(BUILT_PRODUCTS_DIR)/BuddyGoals.app/BuddyGoals";
			};
			name = Debug;
		};
		B8309176286B5CE700310E04 /* Release */ = {
			isa = XCBuildConfiguration;
			buildSettings = {
				ALWAYS_EMBED_SWIFT_STANDARD_LIBRARIES = YES;
				BUNDLE_LOADER = "$(TEST_HOST)";
				CODE_SIGN_STYLE = Automatic;
				CURRENT_PROJECT_VERSION = 1;
				DEVELOPMENT_TEAM = GHNZ6R7D9B;
				GENERATE_INFOPLIST_FILE = YES;
				IPHONEOS_DEPLOYMENT_TARGET = 15.5;
				MARKETING_VERSION = 1.0;
				PRODUCT_BUNDLE_IDENTIFIER = cip.BuddyGoalsTests;
				PRODUCT_NAME = "$(TARGET_NAME)";
				SWIFT_EMIT_LOC_STRINGS = NO;
				SWIFT_VERSION = 5.0;
				TARGETED_DEVICE_FAMILY = "1,2";
				TEST_HOST = "$(BUILT_PRODUCTS_DIR)/BuddyGoals.app/BuddyGoals";
			};
			name = Release;
		};
		B8309178286B5CE700310E04 /* Debug */ = {
			isa = XCBuildConfiguration;
			buildSettings = {
				ALWAYS_EMBED_SWIFT_STANDARD_LIBRARIES = YES;
				CODE_SIGN_STYLE = Automatic;
				CURRENT_PROJECT_VERSION = 1;
				DEVELOPMENT_TEAM = GHNZ6R7D9B;
				GENERATE_INFOPLIST_FILE = YES;
				MARKETING_VERSION = 1.0;
				PRODUCT_BUNDLE_IDENTIFIER = cip.BuddyGoalsUITests;
				PRODUCT_NAME = "$(TARGET_NAME)";
				SWIFT_EMIT_LOC_STRINGS = NO;
				SWIFT_VERSION = 5.0;
				TARGETED_DEVICE_FAMILY = "1,2";
				TEST_TARGET_NAME = BuddyGoals;
			};
			name = Debug;
		};
		B8309179286B5CE700310E04 /* Release */ = {
			isa = XCBuildConfiguration;
			buildSettings = {
				ALWAYS_EMBED_SWIFT_STANDARD_LIBRARIES = YES;
				CODE_SIGN_STYLE = Automatic;
				CURRENT_PROJECT_VERSION = 1;
				DEVELOPMENT_TEAM = GHNZ6R7D9B;
				GENERATE_INFOPLIST_FILE = YES;
				MARKETING_VERSION = 1.0;
				PRODUCT_BUNDLE_IDENTIFIER = cip.BuddyGoalsUITests;
				PRODUCT_NAME = "$(TARGET_NAME)";
				SWIFT_EMIT_LOC_STRINGS = NO;
				SWIFT_VERSION = 5.0;
				TARGETED_DEVICE_FAMILY = "1,2";
				TEST_TARGET_NAME = BuddyGoals;
			};
			name = Release;
		};
/* End XCBuildConfiguration section */

/* Begin XCConfigurationList section */
		B8309148286B5CE600310E04 /* Build configuration list for PBXProject "BuddyGoals" */ = {
			isa = XCConfigurationList;
			buildConfigurations = (
				B830916F286B5CE700310E04 /* Debug */,
				B8309170286B5CE700310E04 /* Release */,
			);
			defaultConfigurationIsVisible = 0;
			defaultConfigurationName = Release;
		};
		B8309171286B5CE700310E04 /* Build configuration list for PBXNativeTarget "BuddyGoals" */ = {
			isa = XCConfigurationList;
			buildConfigurations = (
				B8309172286B5CE700310E04 /* Debug */,
				B8309173286B5CE700310E04 /* Release */,
			);
			defaultConfigurationIsVisible = 0;
			defaultConfigurationName = Release;
		};
		B8309174286B5CE700310E04 /* Build configuration list for PBXNativeTarget "BuddyGoalsTests" */ = {
			isa = XCConfigurationList;
			buildConfigurations = (
				B8309175286B5CE700310E04 /* Debug */,
				B8309176286B5CE700310E04 /* Release */,
			);
			defaultConfigurationIsVisible = 0;
			defaultConfigurationName = Release;
		};
		B8309177286B5CE700310E04 /* Build configuration list for PBXNativeTarget "BuddyGoalsUITests" */ = {
			isa = XCConfigurationList;
			buildConfigurations = (
				B8309178286B5CE700310E04 /* Debug */,
				B8309179286B5CE700310E04 /* Release */,
			);
			defaultConfigurationIsVisible = 0;
			defaultConfigurationName = Release;
		};
/* End XCConfigurationList section */

/* Begin XCVersionGroup section */
		B83091D0286B5DF500310E04 /* BuddyGoals.xcdatamodeld */ = {
			isa = XCVersionGroup;
			children = (
				B83091D1286B5DF500310E04 /* BuddyGoals.xcdatamodel */,
			);
			currentVersion = B83091D1286B5DF500310E04 /* BuddyGoals.xcdatamodel */;
			path = BuddyGoals.xcdatamodeld;
			sourceTree = "<group>";
			versionGroupType = wrapper.xcdatamodel;
		};
/* End XCVersionGroup section */
	};
	rootObject = B8309145286B5CE600310E04 /* Project object */;
}
